
Microsoft Visual Studio Solution File, Format Version 11.00
# Visual Studio 2010
Project("{FAE04EC0-301F-11D3-BF4B-00C04F79EFBC}") = "Prometheus", "Prometheus\Prometheus.csproj", "{F9B28F71-3383-4C57-9FC7-FBD77D8BE355}"
EndProject
Project("{FAE04EC0-301F-11D3-BF4B-00C04F79EFBC}") = "Prometheus.Example", "Prometheus.Example\Prometheus.Example.csproj", "{7295A0CF-4DBC-4E30-B410-35316E105DA7}"
EndProject
Project("{FAE04EC0-301F-11D3-BF4B-00C04F79EFBC}") = "Prometheus.Tests", "Prometheus.Tests\Prometheus.Tests.csproj", "{92A073F7-9D70-4BAE-AED6-58F6874260A5}"
EndProject
Global
	GlobalSection(SolutionConfigurationPlatforms) = preSolution
		Debug|Any CPU = Debug|Any CPU
		Release|Any CPU = Release|Any CPU
	EndGlobalSection
	GlobalSection(ProjectConfigurationPlatforms) = postSolution
		{F9B28F71-3383-4C57-9FC7-FBD77D8BE355}.Debug|Any CPU.ActiveCfg = Debug|Any CPU
		{F9B28F71-3383-4C57-9FC7-FBD77D8BE355}.Debug|Any CPU.Build.0 = Debug|Any CPU
		{F9B28F71-3383-4C57-9FC7-FBD77D8BE355}.Release|Any CPU.ActiveCfg = Release|Any CPU
		{F9B28F71-3383-4C57-9FC7-FBD77D8BE355}.Release|Any CPU.Build.0 = Release|Any CPU
		{7295A0CF-4DBC-4E30-B410-35316E105DA7}.Debug|Any CPU.ActiveCfg = Debug|Any CPU
		{7295A0CF-4DBC-4E30-B410-35316E105DA7}.Debug|Any CPU.Build.0 = Debug|Any CPU
		{7295A0CF-4DBC-4E30-B410-35316E105DA7}.Release|Any CPU.ActiveCfg = Release|Any CPU
		{7295A0CF-4DBC-4E30-B410-35316E105DA7}.Release|Any CPU.Build.0 = Release|Any CPU
		{92A073F7-9D70-4BAE-AED6-58F6874260A5}.Debug|Any CPU.ActiveCfg = Debug|Any CPU
		{92A073F7-9D70-4BAE-AED6-58F6874260A5}.Debug|Any CPU.Build.0 = Debug|Any CPU
		{92A073F7-9D70-4BAE-AED6-58F6874260A5}.Release|Any CPU.ActiveCfg = Release|Any CPU
		{92A073F7-9D70-4BAE-AED6-58F6874260A5}.Release|Any CPU.Build.0 = Release|Any CPU
	EndGlobalSection
	GlobalSection(SolutionProperties) = preSolution
		HideSolutionNode = FALSE
	EndGlobalSection
EndGlobal
